// !$*UTF8*$!
{
	archiveVersion = 1;
	classes = {
	};
	objectVersion = 56;
	objects = {

/* Begin PBXBuildFile section */
		08C7521928F1599800E923DD /* AppDelegate.swift in Sources */ = {isa = PBXBuildFile; fileRef = 08C7521828F1599800E923DD /* AppDelegate.swift */; };
		08C7521B28F1599800E923DD /* SceneDelegate.swift in Sources */ = {isa = PBXBuildFile; fileRef = 08C7521A28F1599800E923DD /* SceneDelegate.swift */; };
		08C7521D28F1599800E923DD /* MainTabBarViewController.swift in Sources */ = {isa = PBXBuildFile; fileRef = 08C7521C28F1599800E923DD /* MainTabBarViewController.swift */; };
		08C7522228F1599900E923DD /* Assets.xcassets in Resources */ = {isa = PBXBuildFile; fileRef = 08C7522128F1599900E923DD /* Assets.xcassets */; };
		08C7522528F1599900E923DD /* LaunchScreen.storyboard in Resources */ = {isa = PBXBuildFile; fileRef = 08C7522328F1599900E923DD /* LaunchScreen.storyboard */; };
		08C7522F28F1DF6600E923DD /* HomeViewController.swift in Sources */ = {isa = PBXBuildFile; fileRef = 08C7522E28F1DF6600E923DD /* HomeViewController.swift */; };
		08C7523128F1DF8900E923DD /* SearchViewController.swift in Sources */ = {isa = PBXBuildFile; fileRef = 08C7523028F1DF8900E923DD /* SearchViewController.swift */; };
		08C7523328F1DF9400E923DD /* NotificationViewController.swift in Sources */ = {isa = PBXBuildFile; fileRef = 08C7523228F1DF9400E923DD /* NotificationViewController.swift */; };
		08C7523528F1DFA100E923DD /* DirectMessageViewController.swift in Sources */ = {isa = PBXBuildFile; fileRef = 08C7523428F1DFA100E923DD /* DirectMessageViewController.swift */; };
		08C7523828F26A5000E923DD /* TweetTableViewCell.swift in Sources */ = {isa = PBXBuildFile; fileRef = 08C7523728F26A5000E923DD /* TweetTableViewCell.swift */; };
/* End PBXBuildFile section */

/* Begin PBXFileReference section */
		08C7521528F1599800E923DD /* social-it.app */ = {isa = PBXFileReference; explicitFileType = wrapper.application; includeInIndex = 0; path = "social-it.app"; sourceTree = BUILT_PRODUCTS_DIR; };
		08C7521828F1599800E923DD /* AppDelegate.swift */ = {isa = PBXFileReference; lastKnownFileType = sourcecode.swift; path = AppDelegate.swift; sourceTree = "<group>"; };
		08C7521A28F1599800E923DD /* SceneDelegate.swift */ = {isa = PBXFileReference; lastKnownFileType = sourcecode.swift; path = SceneDelegate.swift; sourceTree = "<group>"; };
		08C7521C28F1599800E923DD /* MainTabBarViewController.swift */ = {isa = PBXFileReference; lastKnownFileType = sourcecode.swift; path = MainTabBarViewController.swift; sourceTree = "<group>"; };
		08C7522128F1599900E923DD /* Assets.xcassets */ = {isa = PBXFileReference; lastKnownFileType = folder.assetcatalog; path = Assets.xcassets; sourceTree = "<group>"; };
		08C7522428F1599900E923DD /* Base */ = {isa = PBXFileReference; lastKnownFileType = file.storyboard; name = Base; path = Base.lproj/LaunchScreen.storyboard; sourceTree = "<group>"; };
		08C7522628F1599900E923DD /* Info.plist */ = {isa = PBXFileReference; lastKnownFileType = text.plist.xml; path = Info.plist; sourceTree = "<group>"; };
		08C7522E28F1DF6600E923DD /* HomeViewController.swift */ = {isa = PBXFileReference; lastKnownFileType = sourcecode.swift; path = HomeViewController.swift; sourceTree = "<group>"; };
		08C7523028F1DF8900E923DD /* SearchViewController.swift */ = {isa = PBXFileReference; lastKnownFileType = sourcecode.swift; path = SearchViewController.swift; sourceTree = "<group>"; };
		08C7523228F1DF9400E923DD /* NotificationViewController.swift */ = {isa = PBXFileReference; lastKnownFileType = sourcecode.swift; path = NotificationViewController.swift; sourceTree = "<group>"; };
		08C7523428F1DFA100E923DD /* DirectMessageViewController.swift */ = {isa = PBXFileReference; lastKnownFileType = sourcecode.swift; path = DirectMessageViewController.swift; sourceTree = "<group>"; };
		08C7523728F26A5000E923DD /* TweetTableViewCell.swift */ = {isa = PBXFileReference; lastKnownFileType = sourcecode.swift; path = TweetTableViewCell.swift; sourceTree = "<group>"; };
/* End PBXFileReference section */

/* Begin PBXFrameworksBuildPhase section */
		08C7521228F1599800E923DD /* Frameworks */ = {
			isa = PBXFrameworksBuildPhase;
			buildActionMask = 2147483647;
			files = (
			);
			runOnlyForDeploymentPostprocessing = 0;
		};
/* End PBXFrameworksBuildPhase section */

/* Begin PBXGroup section */
		08C7520C28F1599800E923DD = {
			isa = PBXGroup;
			children = (
				08C7521728F1599800E923DD /* social-it */,
				08C7521628F1599800E923DD /* Products */,
			);
			sourceTree = "<group>";
		};
		08C7521628F1599800E923DD /* Products */ = {
			isa = PBXGroup;
			children = (
				08C7521528F1599800E923DD /* social-it.app */,
			);
			name = Products;
			sourceTree = "<group>";
		};
		08C7521728F1599800E923DD /* social-it */ = {
			isa = PBXGroup;
			children = (
				08C7523628F26A1800E923DD /* Views */,
				08C7522C28F1DF2D00E923DD /* Controllers */,
				08C7521828F1599800E923DD /* AppDelegate.swift */,
				08C7521A28F1599800E923DD /* SceneDelegate.swift */,
				08C7522128F1599900E923DD /* Assets.xcassets */,
				08C7522328F1599900E923DD /* LaunchScreen.storyboard */,
				08C7522628F1599900E923DD /* Info.plist */,
			);
			path = "social-it";
			sourceTree = "<group>";
		};
		08C7522C28F1DF2D00E923DD /* Controllers */ = {
			isa = PBXGroup;
			children = (
				08C7522D28F1DF3B00E923DD /* Core */,
			);
			path = Controllers;
			sourceTree = "<group>";
		};
		08C7522D28F1DF3B00E923DD /* Core */ = {
			isa = PBXGroup;
			children = (
				08C7521C28F1599800E923DD /* MainTabBarViewController.swift */,
				08C7522E28F1DF6600E923DD /* HomeViewController.swift */,
				08C7523028F1DF8900E923DD /* SearchViewController.swift */,
				08C7523228F1DF9400E923DD /* NotificationViewController.swift */,
				08C7523428F1DFA100E923DD /* DirectMessageViewController.swift */,
			);
			path = Core;
			sourceTree = "<group>";
		};
		08C7523628F26A1800E923DD /* Views */ = {
			isa = PBXGroup;
			children = (
				08C7523728F26A5000E923DD /* TweetTableViewCell.swift */,
			);
			path = Views;
			sourceTree = "<group>";
		};
/* End PBXGroup section */

/* Begin PBXNativeTarget section */
		08C7521428F1599800E923DD /* social-it */ = {
			isa = PBXNativeTarget;
			buildConfigurationList = 08C7522928F1599900E923DD /* Build configuration list for PBXNativeTarget "social-it" */;
			buildPhases = (
				08C7521128F1599800E923DD /* Sources */,
				08C7521228F1599800E923DD /* Frameworks */,
				08C7521328F1599800E923DD /* Resources */,
			);
			buildRules = (
			);
			dependencies = (
			);
			name = "social-it";
			productName = "social-it";
			productReference = 08C7521528F1599800E923DD /* social-it.app */;
			productType = "com.apple.product-type.application";
		};
/* End PBXNativeTarget section */

/* Begin PBXProject section */
		08C7520D28F1599800E923DD /* Project object */ = {
			isa = PBXProject;
			attributes = {
				BuildIndependentTargetsInParallel = 1;
				LastSwiftUpdateCheck = 1400;
				LastUpgradeCheck = 1400;
				TargetAttributes = {
					08C7521428F1599800E923DD = {
						CreatedOnToolsVersion = 14.0.1;
					};
				};
			};
			buildConfigurationList = 08C7521028F1599800E923DD /* Build configuration list for PBXProject "social-it" */;
			compatibilityVersion = "Xcode 14.0";
			developmentRegion = en;
			hasScannedForEncodings = 0;
			knownRegions = (
				en,
				Base,
			);
			mainGroup = 08C7520C28F1599800E923DD;
			productRefGroup = 08C7521628F1599800E923DD /* Products */;
			projectDirPath = "";
			projectRoot = "";
			targets = (
				08C7521428F1599800E923DD /* social-it */,
			);
		};
/* End PBXProject section */

/* Begin PBXResourcesBuildPhase section */
		08C7521328F1599800E923DD /* Resources */ = {
			isa = PBXResourcesBuildPhase;
			buildActionMask = 2147483647;
			files = (
				08C7522528F1599900E923DD /* LaunchScreen.storyboard in Resources */,
				08C7522228F1599900E923DD /* Assets.xcassets in Resources */,
			);
			runOnlyForDeploymentPostprocessing = 0;
		};
/* End PBXResourcesBuildPhase section */

/* Begin PBXSourcesBuildPhase section */
		08C7521128F1599800E923DD /* Sources */ = {
			isa = PBXSourcesBuildPhase;
			buildActionMask = 2147483647;
			files = (
				08C7523128F1DF8900E923DD /* SearchViewController.swift in Sources */,
				08C7521D28F1599800E923DD /* MainTabBarViewController.swift in Sources */,
				08C7521928F1599800E923DD /* AppDelegate.swift in Sources */,
				08C7521B28F1599800E923DD /* SceneDelegate.swift in Sources */,
				08C7523528F1DFA100E923DD /* DirectMessageViewController.swift in Sources */,
				08C7523328F1DF9400E923DD /* NotificationViewController.swift in Sources */,
				08C7522F28F1DF6600E923DD /* HomeViewController.swift in Sources */,
				08C7523828F26A5000E923DD /* TweetTableViewCell.swift in Sources */,
			);
			runOnlyForDeploymentPostprocessing = 0;
		};
/* End PBXSourcesBuildPhase section */

/* Begin PBXVariantGroup section */
		08C7522328F1599900E923DD /* LaunchScreen.storyboard */ = {
			isa = PBXVariantGroup;
			children = (
				08C7522428F1599900E923DD /* Base */,
			);
			name = LaunchScreen.storyboard;
			sourceTree = "<group>";
		};
/* End PBXVariantGroup section */

/* Begin XCBuildConfiguration section */
		08C7522728F1599900E923DD /* Debug */ = {
			isa = XCBuildConfiguration;
			buildSettings = {
				ALWAYS_SEARCH_USER_PATHS = NO;
				CLANG_ANALYZER_NONNULL = YES;
				CLANG_ANALYZER_NUMBER_OBJECT_CONVERSION = YES_AGGRESSIVE;
				CLANG_CXX_LANGUAGE_STANDARD = "gnu++20";
				CLANG_ENABLE_MODULES = YES;
				CLANG_ENABLE_OBJC_ARC = YES;
				CLANG_ENABLE_OBJC_WEAK = YES;
				CLANG_WARN_BLOCK_CAPTURE_AUTORELEASING = YES;
				CLANG_WARN_BOOL_CONVERSION = YES;
				CLANG_WARN_COMMA = YES;
				CLANG_WARN_CONSTANT_CONVERSION = YES;
				CLANG_WARN_DEPRECATED_OBJC_IMPLEMENTATIONS = YES;
				CLANG_WARN_DIRECT_OBJC_ISA_USAGE = YES_ERROR;
				CLANG_WARN_DOCUMENTATION_COMMENTS = YES;
				CLANG_WARN_EMPTY_BODY = YES;
				CLANG_WARN_ENUM_CONVERSION = YES;
				CLANG_WARN_INFINITE_RECURSION = YES;
				CLANG_WARN_INT_CONVERSION = YES;
				CLANG_WARN_NON_LITERAL_NULL_CONVERSION = YES;
				CLANG_WARN_OBJC_IMPLICIT_RETAIN_SELF = YES;
				CLANG_WARN_OBJC_LITERAL_CONVERSION = YES;
				CLANG_WARN_OBJC_ROOT_CLASS = YES_ERROR;
				CLANG_WARN_QUOTED_INCLUDE_IN_FRAMEWORK_HEADER = YES;
				CLANG_WARN_RANGE_LOOP_ANALYSIS = YES;
				CLANG_WARN_STRICT_PROTOTYPES = YES;
				CLANG_WARN_SUSPICIOUS_MOVE = YES;
				CLANG_WARN_UNGUARDED_AVAILABILITY = YES_AGGRESSIVE;
				CLANG_WARN_UNREACHABLE_CODE = YES;
				CLANG_WARN__DUPLICATE_METHOD_MATCH = YES;
				COPY_PHASE_STRIP = NO;
				DEBUG_INFORMATION_FORMAT = dwarf;
				ENABLE_STRICT_OBJC_MSGSEND = YES;
				ENABLE_TESTABILITY = YES;
				GCC_C_LANGUAGE_STANDARD = gnu11;
				GCC_DYNAMIC_NO_PIC = NO;
				GCC_NO_COMMON_BLOCKS = YES;
				GCC_OPTIMIZATION_LEVEL = 0;
				GCC_PREPROCESSOR_DEFINITIONS = (
					"DEBUG=1",
					"$(inherited)",
				);
				GCC_WARN_64_TO_32_BIT_CONVERSION = YES;
				GCC_WARN_ABOUT_RETURN_TYPE = YES_ERROR;
				GCC_WARN_UNDECLARED_SELECTOR = YES;
				GCC_WARN_UNINITIALIZED_AUTOS = YES_AGGRESSIVE;
				GCC_WARN_UNUSED_FUNCTION = YES;
				GCC_WARN_UNUSED_VARIABLE = YES;
				IPHONEOS_DEPLOYMENT_TARGET = 16.0;
				MTL_ENABLE_DEBUG_INFO = INCLUDE_SOURCE;
				MTL_FAST_MATH = YES;
				ONLY_ACTIVE_ARCH = YES;
				SDKROOT = iphoneos;
				SWIFT_ACTIVE_COMPILATION_CONDITIONS = DEBUG;
				SWIFT_OPTIMIZATION_LEVEL = "-Onone";
			};
			name = Debug;
		};
		08C7522828F1599900E923DD /* Release */ = {
			isa = XCBuildConfiguration;
			buildSettings = {
				ALWAYS_SEARCH_USER_PATHS = NO;
				CLANG_ANALYZER_NONNULL = YES;
				CLANG_ANALYZER_NUMBER_OBJECT_CONVERSION = YES_AGGRESSIVE;
				CLANG_CXX_LANGUAGE_STANDARD = "gnu++20";
				CLANG_ENABLE_MODULES = YES;
				CLANG_ENABLE_OBJC_ARC = YES;
				CLANG_ENABLE_OBJC_WEAK = YES;
				CLANG_WARN_BLOCK_CAPTURE_AUTORELEASING = YES;
				CLANG_WARN_BOOL_CONVERSION = YES;
				CLANG_WARN_COMMA = YES;
				CLANG_WARN_CONSTANT_CONVERSION = YES;
				CLANG_WARN_DEPRECATED_OBJC_IMPLEMENTATIONS = YES;
				CLANG_WARN_DIRECT_OBJC_ISA_USAGE = YES_ERROR;
				CLANG_WARN_DOCUMENTATION_COMMENTS = YES;
				CLANG_WARN_EMPTY_BODY = YES;
				CLANG_WARN_ENUM_CONVERSION = YES;
				CLANG_WARN_INFINITE_RECURSION = YES;
				CLANG_WARN_INT_CONVERSION = YES;
				CLANG_WARN_NON_LITERAL_NULL_CONVERSION = YES;
				CLANG_WARN_OBJC_IMPLICIT_RETAIN_SELF = YES;
				CLANG_WARN_OBJC_LITERAL_CONVERSION = YES;
				CLANG_WARN_OBJC_ROOT_CLASS = YES_ERROR;
				CLANG_WARN_QUOTED_INCLUDE_IN_FRAMEWORK_HEADER = YES;
				CLANG_WARN_RANGE_LOOP_ANALYSIS = YES;
				CLANG_WARN_STRICT_PROTOTYPES = YES;
				CLANG_WARN_SUSPICIOUS_MOVE = YES;
				CLANG_WARN_UNGUARDED_AVAILABILITY = YES_AGGRESSIVE;
				CLANG_WARN_UNREACHABLE_CODE = YES;
				CLANG_WARN__DUPLICATE_METHOD_MATCH = YES;
				COPY_PHASE_STRIP = NO;
				DEBUG_INFORMATION_FORMAT = "dwarf-with-dsym";
				ENABLE_NS_ASSERTIONS = NO;
				ENABLE_STRICT_OBJC_MSGSEND = YES;
				GCC_C_LANGUAGE_STANDARD = gnu11;
				GCC_NO_COMMON_BLOCKS = YES;
				GCC_WARN_64_TO_32_BIT_CONVERSION = YES;
				GCC_WARN_ABOUT_RETURN_TYPE = YES_ERROR;
				GCC_WARN_UNDECLARED_SELECTOR = YES;
				GCC_WARN_UNINITIALIZED_AUTOS = YES_AGGRESSIVE;
				GCC_WARN_UNUSED_FUNCTION = YES;
				GCC_WARN_UNUSED_VARIABLE = YES;
				IPHONEOS_DEPLOYMENT_TARGET = 16.0;
				MTL_ENABLE_DEBUG_INFO = NO;
				MTL_FAST_MATH = YES;
				SDKROOT = iphoneos;
				SWIFT_COMPILATION_MODE = wholemodule;
				SWIFT_OPTIMIZATION_LEVEL = "-O";
				VALIDATE_PRODUCT = YES;
			};
			name = Release;
		};
		08C7522A28F1599900E923DD /* Debug */ = {
			isa = XCBuildConfiguration;
			buildSettings = {
				ASSETCATALOG_COMPILER_APPICON_NAME = AppIcon;
				ASSETCATALOG_COMPILER_GLOBAL_ACCENT_COLOR_NAME = AccentColor;
				CODE_SIGN_STYLE = Automatic;
				CURRENT_PROJECT_VERSION = 1;
				DEVELOPMENT_TEAM = B699U74AW4;
				GENERATE_INFOPLIST_FILE = YES;
				INFOPLIST_FILE = "social-it/Info.plist";
				INFOPLIST_KEY_UIApplicationSupportsIndirectInputEvents = YES;
				INFOPLIST_KEY_UILaunchStoryboardName = LaunchScreen;
				INFOPLIST_KEY_UISupportedInterfaceOrientations_iPad = "UIInterfaceOrientationPortrait UIInterfaceOrientationPortraitUpsideDown UIInterfaceOrientationLandscapeLeft UIInterfaceOrientationLandscapeRight";
				INFOPLIST_KEY_UISupportedInterfaceOrientations_iPhone = "UIInterfaceOrientationPortrait UIInterfaceOrientationLandscapeLeft UIInterfaceOrientationLandscapeRight";
				LD_RUNPATH_SEARCH_PATHS = (
					"$(inherited)",
					"@executable_path/Frameworks",
				);
				MARKETING_VERSION = 1.0;
				PRODUCT_BUNDLE_IDENTIFIER = "com.JIA.testTeam.social-it";
				PRODUCT_NAME = "$(TARGET_NAME)";
				SWIFT_EMIT_LOC_STRINGS = YES;
				SWIFT_VERSION = 5.0;
				TARGETED_DEVICE_FAMILY = "1,2";
			};
			name = Debug;
		};
		08C7522B28F1599900E923DD /* Release */ = {
			isa = XCBuildConfiguration;
			buildSettings = {
				ASSETCATALOG_COMPILER_APPICON_NAME = AppIcon;
				ASSETCATALOG_COMPILER_GLOBAL_ACCENT_COLOR_NAME = AccentColor;
				CODE_SIGN_STYLE = Automatic;
				CURRENT_PROJECT_VERSION = 1;
				DEVELOPMENT_TEAM = B699U74AW4;
				GENERATE_INFOPLIST_FILE = YES;
				INFOPLIST_FILE = "social-it/Info.plist";
				INFOPLIST_KEY_UIApplicationSupportsIndirectInputEvents = YES;
				INFOPLIST_KEY_UILaunchStoryboardName = LaunchScreen;
				INFOPLIST_KEY_UISupportedInterfaceOrientations_iPad = "UIInterfaceOrientationPortrait UIInterfaceOrientationPortraitUpsideDown UIInterfaceOrientationLandscapeLeft UIInterfaceOrientationLandscapeRight";
				INFOPLIST_KEY_UISupportedInterfaceOrientations_iPhone = "UIInterfaceOrientationPortrait UIInterfaceOrientationLandscapeLeft UIInterfaceOrientationLandscapeRight";
				LD_RUNPATH_SEARCH_PATHS = (
					"$(inherited)",
					"@executable_path/Frameworks",
				);
				MARKETING_VERSION = 1.0;
				PRODUCT_BUNDLE_IDENTIFIER = "com.JIA.testTeam.social-it";
				PRODUCT_NAME = "$(TARGET_NAME)";
				SWIFT_EMIT_LOC_STRINGS = YES;
				SWIFT_VERSION = 5.0;
				TARGETED_DEVICE_FAMILY = "1,2";
			};
			name = Release;
		};
/* End XCBuildConfiguration section */

/* Begin XCConfigurationList section */
		08C7521028F1599800E923DD /* Build configuration list for PBXProject "social-it" */ = {
			isa = XCConfigurationList;
			buildConfigurations = (
				08C7522728F1599900E923DD /* Debug */,
				08C7522828F1599900E923DD /* Release */,
			);
			defaultConfigurationIsVisible = 0;
			defaultConfigurationName = Release;
		};
		08C7522928F1599900E923DD /* Build configuration list for PBXNativeTarget "social-it" */ = {
			isa = XCConfigurationList;
			buildConfigurations = (
				08C7522A28F1599900E923DD /* Debug */,
				08C7522B28F1599900E923DD /* Release */,
			);
			defaultConfigurationIsVisible = 0;
			defaultConfigurationName = Release;
		};
/* End XCConfigurationList section */
	};
	rootObject = 08C7520D28F1599800E923DD /* Project object */;
}
